
Microsoft Visual Studio Solution File, Format Version 12.00
# Visual Studio Version 16
VisualStudioVersion = 16.0.810.23
MinimumVisualStudioVersion = 10.0.40219.1
Project("{FAE04EC0-301F-11D3-BF4B-00C04F79EFBC}") = "marvel.Android", "marvel.Android\marvel.Android.csproj", "{5751CC53-FF49-4014-99EA-05C83B7F0140}"
EndProject
Project("{FAE04EC0-301F-11D3-BF4B-00C04F79EFBC}") = "marvel.iOS", "marvel.iOS\marvel.iOS.csproj", "{87529191-DFA2-45F5-8DD3-75E064FBFE1F}"
EndProject
Project("{FAE04EC0-301F-11D3-BF4B-00C04F79EFBC}") = "marvel", "marvel\marvel.csproj", "{259E9FE5-389A-4420-BEF4-F3051165FDF8}"
EndProject
Global
	GlobalSection(SolutionConfigurationPlatforms) = preSolution
		Debug|Any CPU = Debug|Any CPU
		Release|Any CPU = Release|Any CPU
		Debug|iPhoneSimulator = Debug|iPhoneSimulator
		Release|iPhoneSimulator = Release|iPhoneSimulator
		Debug|iPhone = Debug|iPhone
		Release|iPhone = Release|iPhone
	EndGlobalSection
	GlobalSection(ProjectConfigurationPlatforms) = postSolution
		{5751CC53-FF49-4014-99EA-05C83B7F0140}.Debug|Any CPU.ActiveCfg = Debug|Any CPU
		{5751CC53-FF49-4014-99EA-05C83B7F0140}.Debug|Any CPU.Build.0 = Debug|Any CPU
		{5751CC53-FF49-4014-99EA-05C83B7F0140}.Release|Any CPU.ActiveCfg = Release|Any CPU
		{5751CC53-FF49-4014-99EA-05C83B7F0140}.Release|Any CPU.Build.0 = Release|Any CPU
		{5751CC53-FF49-4014-99EA-05C83B7F0140}.Debug|iPhoneSimulator.ActiveCfg = Debug|Any CPU
		{5751CC53-FF49-4014-99EA-05C83B7F0140}.Debug|iPhoneSimulator.Build.0 = Debug|Any CPU
		{5751CC53-FF49-4014-99EA-05C83B7F0140}.Release|iPhoneSimulator.ActiveCfg = Release|Any CPU
		{5751CC53-FF49-4014-99EA-05C83B7F0140}.Release|iPhoneSimulator.Build.0 = Release|Any CPU
		{5751CC53-FF49-4014-99EA-05C83B7F0140}.Debug|iPhone.ActiveCfg = Debug|Any CPU
		{5751CC53-FF49-4014-99EA-05C83B7F0140}.Debug|iPhone.Build.0 = Debug|Any CPU
		{5751CC53-FF49-4014-99EA-05C83B7F0140}.Release|iPhone.ActiveCfg = Release|Any CPU
		{5751CC53-FF49-4014-99EA-05C83B7F0140}.Release|iPhone.Build.0 = Release|Any CPU
		{87529191-DFA2-45F5-8DD3-75E064FBFE1F}.Debug|Any CPU.ActiveCfg = Debug|iPhoneSimulator
		{87529191-DFA2-45F5-8DD3-75E064FBFE1F}.Debug|Any CPU.Build.0 = Debug|iPhoneSimulator
		{87529191-DFA2-45F5-8DD3-75E064FBFE1F}.Release|Any CPU.ActiveCfg = Release|iPhoneSimulator
		{87529191-DFA2-45F5-8DD3-75E064FBFE1F}.Release|Any CPU.Build.0 = Release|iPhoneSimulator
		{87529191-DFA2-45F5-8DD3-75E064FBFE1F}.Debug|iPhoneSimulator.ActiveCfg = Debug|iPhoneSimulator
		{87529191-DFA2-45F5-8DD3-75E064FBFE1F}.Debug|iPhoneSimulator.Build.0 = Debug|iPhoneSimulator
		{87529191-DFA2-45F5-8DD3-75E064FBFE1F}.Release|iPhoneSimulator.ActiveCfg = Release|iPhoneSimulator
		{87529191-DFA2-45F5-8DD3-75E064FBFE1F}.Release|iPhoneSimulator.Build.0 = Release|iPhoneSimulator
		{87529191-DFA2-45F5-8DD3-75E064FBFE1F}.Debug|iPhone.ActiveCfg = Debug|iPhone
		{87529191-DFA2-45F5-8DD3-75E064FBFE1F}.Debug|iPhone.Build.0 = Debug|iPhone
		{87529191-DFA2-45F5-8DD3-75E064FBFE1F}.Release|iPhone.ActiveCfg = Release|iPhone
		{87529191-DFA2-45F5-8DD3-75E064FBFE1F}.Release|iPhone.Build.0 = Release|iPhone
		{259E9FE5-389A-4420-BEF4-F3051165FDF8}.Debug|Any CPU.ActiveCfg = Debug|Any CPU
		{259E9FE5-389A-4420-BEF4-F3051165FDF8}.Debug|Any CPU.Build.0 = Debug|Any CPU
		{259E9FE5-389A-4420-BEF4-F3051165FDF8}.Release|Any CPU.ActiveCfg = Release|Any CPU
		{259E9FE5-389A-4420-BEF4-F3051165FDF8}.Release|Any CPU.Build.0 = Release|Any CPU
		{259E9FE5-389A-4420-BEF4-F3051165FDF8}.Debug|iPhoneSimulator.ActiveCfg = Debug|Any CPU
		{259E9FE5-389A-4420-BEF4-F3051165FDF8}.Debug|iPhoneSimulator.Build.0 = Debug|Any CPU
		{259E9FE5-389A-4420-BEF4-F3051165FDF8}.Release|iPhoneSimulator.ActiveCfg = Release|Any CPU
		{259E9FE5-389A-4420-BEF4-F3051165FDF8}.Release|iPhoneSimulator.Build.0 = Release|Any CPU
		{259E9FE5-389A-4420-BEF4-F3051165FDF8}.Debug|iPhone.ActiveCfg = Debug|Any CPU
		{259E9FE5-389A-4420-BEF4-F3051165FDF8}.Debug|iPhone.Build.0 = Debug|Any CPU
		{259E9FE5-389A-4420-BEF4-F3051165FDF8}.Release|iPhone.ActiveCfg = Release|Any CPU
		{259E9FE5-389A-4420-BEF4-F3051165FDF8}.Release|iPhone.Build.0 = Release|Any CPU
	EndGlobalSection
	GlobalSection(SolutionProperties) = preSolution
		HideSolutionNode = FALSE
	EndGlobalSection
	GlobalSection(ExtensibilityGlobals) = postSolution
		SolutionGuid = {E8C9634D-AAF1-4754-AAD6-D76D1636CD30}
	EndGlobalSection
EndGlobal
